// !$*UTF8*$!
{
	archiveVersion = 1;
	classes = {
	};
	objectVersion = 56;
	objects = {

/* Begin PBXBuildFile section */
		19E60B95834D21D4CA07CF4B /* Pods_ApiApp.framework in Frameworks */ = {isa = PBXBuildFile; fileRef = 3EACAE55AAB12E4EF2584617 /* Pods_ApiApp.framework */; };
		338795BB2BD9F70C007EB7AC /* AppDelegate.swift in Sources */ = {isa = PBXBuildFile; fileRef = 338795BA2BD9F70C007EB7AC /* AppDelegate.swift */; };
		338795BD2BD9F70C007EB7AC /* SceneDelegate.swift in Sources */ = {isa = PBXBuildFile; fileRef = 338795BC2BD9F70C007EB7AC /* SceneDelegate.swift */; };
		338795BF2BD9F70C007EB7AC /* ViewController.swift in Sources */ = {isa = PBXBuildFile; fileRef = 338795BE2BD9F70C007EB7AC /* ViewController.swift */; };
		338795C22BD9F70C007EB7AC /* Base in Resources */ = {isa = PBXBuildFile; fileRef = 338795C12BD9F70C007EB7AC /* Base */; };
		338795C42BD9F70E007EB7AC /* Assets.xcassets in Resources */ = {isa = PBXBuildFile; fileRef = 338795C32BD9F70E007EB7AC /* Assets.xcassets */; };
		338795C72BD9F70E007EB7AC /* Base in Resources */ = {isa = PBXBuildFile; fileRef = 338795C62BD9F70E007EB7AC /* Base */; };
		338795CF2BD9FEB9007EB7AC /* ApiViewController.swift in Sources */ = {isa = PBXBuildFile; fileRef = 338795CE2BD9FEB9007EB7AC /* ApiViewController.swift */; };
		33A99E4D2BE0C4F600DD6A0A /* FavoriteShop.swift in Sources */ = {isa = PBXBuildFile; fileRef = 33A99E4C2BE0C4F600DD6A0A /* FavoriteShop.swift */; };
		33F6C4292BDB4FCD004006C5 /* FavoriteViewController.swift in Sources */ = {isa = PBXBuildFile; fileRef = 33F6C4282BDB4FCD004006C5 /* FavoriteViewController.swift */; };
		33F6C42B2BDB8892004006C5 /* ApiKey.plist in Resources */ = {isa = PBXBuildFile; fileRef = 33F6C42A2BDB8892004006C5 /* ApiKey.plist */; };
		33F6C42D2BDB8D6F004006C5 /* ShopCell.swift in Sources */ = {isa = PBXBuildFile; fileRef = 33F6C42C2BDB8D6F004006C5 /* ShopCell.swift */; };
		33F6C42F2BDB97AA004006C5 /* ApiResponse.swift in Sources */ = {isa = PBXBuildFile; fileRef = 33F6C42E2BDB97AA004006C5 /* ApiResponse.swift */; };
/* End PBXBuildFile section */

/* Begin PBXFileReference section */
		338795B72BD9F70C007EB7AC /* ApiApp.app */ = {isa = PBXFileReference; explicitFileType = wrapper.application; includeInIndex = 0; path = ApiApp.app; sourceTree = BUILT_PRODUCTS_DIR; };
		338795BA2BD9F70C007EB7AC /* AppDelegate.swift */ = {isa = PBXFileReference; lastKnownFileType = sourcecode.swift; path = AppDelegate.swift; sourceTree = "<group>"; };
		338795BC2BD9F70C007EB7AC /* SceneDelegate.swift */ = {isa = PBXFileReference; lastKnownFileType = sourcecode.swift; path = SceneDelegate.swift; sourceTree = "<group>"; };
		338795BE2BD9F70C007EB7AC /* ViewController.swift */ = {isa = PBXFileReference; lastKnownFileType = sourcecode.swift; path = ViewController.swift; sourceTree = "<group>"; };
		338795C12BD9F70C007EB7AC /* Base */ = {isa = PBXFileReference; lastKnownFileType = file.storyboard; name = Base; path = Base.lproj/Main.storyboard; sourceTree = "<group>"; };
		338795C32BD9F70E007EB7AC /* Assets.xcassets */ = {isa = PBXFileReference; lastKnownFileType = folder.assetcatalog; path = Assets.xcassets; sourceTree = "<group>"; };
		338795C62BD9F70E007EB7AC /* Base */ = {isa = PBXFileReference; lastKnownFileType = file.storyboard; name = Base; path = Base.lproj/LaunchScreen.storyboard; sourceTree = "<group>"; };
		338795C82BD9F70E007EB7AC /* Info.plist */ = {isa = PBXFileReference; lastKnownFileType = text.plist.xml; path = Info.plist; sourceTree = "<group>"; };
		338795CE2BD9FEB9007EB7AC /* ApiViewController.swift */ = {isa = PBXFileReference; lastKnownFileType = sourcecode.swift; path = ApiViewController.swift; sourceTree = "<group>"; };
		33A99E4C2BE0C4F600DD6A0A /* FavoriteShop.swift */ = {isa = PBXFileReference; lastKnownFileType = sourcecode.swift; path = FavoriteShop.swift; sourceTree = "<group>"; };
		33F6C4282BDB4FCD004006C5 /* FavoriteViewController.swift */ = {isa = PBXFileReference; lastKnownFileType = sourcecode.swift; path = FavoriteViewController.swift; sourceTree = "<group>"; };
		33F6C42A2BDB8892004006C5 /* ApiKey.plist */ = {isa = PBXFileReference; lastKnownFileType = text.plist.xml; path = ApiKey.plist; sourceTree = "<group>"; };
		33F6C42C2BDB8D6F004006C5 /* ShopCell.swift */ = {isa = PBXFileReference; lastKnownFileType = sourcecode.swift; path = ShopCell.swift; sourceTree = "<group>"; };
		33F6C42E2BDB97AA004006C5 /* ApiResponse.swift */ = {isa = PBXFileReference; lastKnownFileType = sourcecode.swift; path = ApiResponse.swift; sourceTree = "<group>"; };
		3EACAE55AAB12E4EF2584617 /* Pods_ApiApp.framework */ = {isa = PBXFileReference; explicitFileType = wrapper.framework; includeInIndex = 0; path = Pods_ApiApp.framework; sourceTree = BUILT_PRODUCTS_DIR; };
		591975ABE20C63036CD6FC0A /* Pods-ApiApp.debug.xcconfig */ = {isa = PBXFileReference; includeInIndex = 1; lastKnownFileType = text.xcconfig; name = "Pods-ApiApp.debug.xcconfig"; path = "Target Support Files/Pods-ApiApp/Pods-ApiApp.debug.xcconfig"; sourceTree = "<group>"; };
		BB9E83056E29FE1AF20E038D /* Pods-ApiApp.release.xcconfig */ = {isa = PBXFileReference; includeInIndex = 1; lastKnownFileType = text.xcconfig; name = "Pods-ApiApp.release.xcconfig"; path = "Target Support Files/Pods-ApiApp/Pods-ApiApp.release.xcconfig"; sourceTree = "<group>"; };
/* End PBXFileReference section */

/* Begin PBXFrameworksBuildPhase section */
		338795B42BD9F70C007EB7AC /* Frameworks */ = {
			isa = PBXFrameworksBuildPhase;
			buildActionMask = 2147483647;
			files = (
				19E60B95834D21D4CA07CF4B /* Pods_ApiApp.framework in Frameworks */,
			);
			runOnlyForDeploymentPostprocessing = 0;
		};
/* End PBXFrameworksBuildPhase section */

/* Begin PBXGroup section */
		338795AE2BD9F70C007EB7AC = {
			isa = PBXGroup;
			children = (
				338795B92BD9F70C007EB7AC /* ApiApp */,
				338795B82BD9F70C007EB7AC /* Products */,
				CD074605D322069CBE0B3ADB /* Pods */,
				4CCF94095624FF1AE5BE7755 /* Frameworks */,
			);
			sourceTree = "<group>";
		};
		338795B82BD9F70C007EB7AC /* Products */ = {
			isa = PBXGroup;
			children = (
				338795B72BD9F70C007EB7AC /* ApiApp.app */,
			);
			name = Products;
			sourceTree = "<group>";
		};
		338795B92BD9F70C007EB7AC /* ApiApp */ = {
			isa = PBXGroup;
			children = (
				338795BA2BD9F70C007EB7AC /* AppDelegate.swift */,
				338795BC2BD9F70C007EB7AC /* SceneDelegate.swift */,
				338795BE2BD9F70C007EB7AC /* ViewController.swift */,
				33F6C42C2BDB8D6F004006C5 /* ShopCell.swift */,
				33F6C42E2BDB97AA004006C5 /* ApiResponse.swift */,
				33F6C4282BDB4FCD004006C5 /* FavoriteViewController.swift */,
				338795CE2BD9FEB9007EB7AC /* ApiViewController.swift */,
				33A99E4C2BE0C4F600DD6A0A /* FavoriteShop.swift */,
				338795C02BD9F70C007EB7AC /* Main.storyboard */,
				338795C32BD9F70E007EB7AC /* Assets.xcassets */,
				338795C52BD9F70E007EB7AC /* LaunchScreen.storyboard */,
				338795C82BD9F70E007EB7AC /* Info.plist */,
				33F6C42A2BDB8892004006C5 /* ApiKey.plist */,
			);
			path = ApiApp;
			sourceTree = "<group>";
		};
		4CCF94095624FF1AE5BE7755 /* Frameworks */ = {
			isa = PBXGroup;
			children = (
				3EACAE55AAB12E4EF2584617 /* Pods_ApiApp.framework */,
			);
			name = Frameworks;
			sourceTree = "<group>";
		};
		CD074605D322069CBE0B3ADB /* Pods */ = {
			isa = PBXGroup;
			children = (
				591975ABE20C63036CD6FC0A /* Pods-ApiApp.debug.xcconfig */,
				BB9E83056E29FE1AF20E038D /* Pods-ApiApp.release.xcconfig */,
			);
			path = Pods;
			sourceTree = "<group>";
		};
/* End PBXGroup section */

/* Begin PBXNativeTarget section */
		338795B62BD9F70C007EB7AC /* ApiApp */ = {
			isa = PBXNativeTarget;
			buildConfigurationList = 338795CB2BD9F70E007EB7AC /* Build configuration list for PBXNativeTarget "ApiApp" */;
			buildPhases = (
				50AF280D5F35B8CEE1ADC4B9 /* [CP] Check Pods Manifest.lock */,
				338795B32BD9F70C007EB7AC /* Sources */,
				338795B42BD9F70C007EB7AC /* Frameworks */,
				338795B52BD9F70C007EB7AC /* Resources */,
				F628F414F620964A8D62DD13 /* [CP] Embed Pods Frameworks */,
			);
			buildRules = (
			);
			dependencies = (
			);
			name = ApiApp;
			productName = ApiApp;
			productReference = 338795B72BD9F70C007EB7AC /* ApiApp.app */;
			productType = "com.apple.product-type.application";
		};
/* End PBXNativeTarget section */

/* Begin PBXProject section */
		338795AF2BD9F70C007EB7AC /* Project object */ = {
			isa = PBXProject;
			attributes = {
				BuildIndependentTargetsInParallel = 1;
				LastSwiftUpdateCheck = 1530;
				LastUpgradeCheck = 1530;
				TargetAttributes = {
					338795B62BD9F70C007EB7AC = {
						CreatedOnToolsVersion = 15.3;
					};
				};
			};
			buildConfigurationList = 338795B22BD9F70C007EB7AC /* Build configuration list for PBXProject "ApiApp" */;
			compatibilityVersion = "Xcode 14.0";
			developmentRegion = en;
			hasScannedForEncodings = 0;
			knownRegions = (
				en,
				Base,
			);
			mainGroup = 338795AE2BD9F70C007EB7AC;
			productRefGroup = 338795B82BD9F70C007EB7AC /* Products */;
			projectDirPath = "";
			projectRoot = "";
			targets = (
				338795B62BD9F70C007EB7AC /* ApiApp */,
			);
		};
/* End PBXProject section */

/* Begin PBXResourcesBuildPhase section */
		338795B52BD9F70C007EB7AC /* Resources */ = {
			isa = PBXResourcesBuildPhase;
			buildActionMask = 2147483647;
			files = (
				338795C42BD9F70E007EB7AC /* Assets.xcassets in Resources */,
				33F6C42B2BDB8892004006C5 /* ApiKey.plist in Resources */,
				338795C72BD9F70E007EB7AC /* Base in Resources */,
				338795C22BD9F70C007EB7AC /* Base in Resources */,
			);
			runOnlyForDeploymentPostprocessing = 0;
		};
/* End PBXResourcesBuildPhase section */

/* Begin PBXShellScriptBuildPhase section */
		50AF280D5F35B8CEE1ADC4B9 /* [CP] Check Pods Manifest.lock */ = {
			isa = PBXShellScriptBuildPhase;
			buildActionMask = 2147483647;
			files = (
			);
			inputFileListPaths = (
			);
			inputPaths = (
				"${PODS_PODFILE_DIR_PATH}/Podfile.lock",
				"${PODS_ROOT}/Manifest.lock",
			);
			name = "[CP] Check Pods Manifest.lock";
			outputFileListPaths = (
			);
			outputPaths = (
				"$(DERIVED_FILE_DIR)/Pods-ApiApp-checkManifestLockResult.txt",
			);
			runOnlyForDeploymentPostprocessing = 0;
			shellPath = /bin/sh;
			shellScript = "diff \"${PODS_PODFILE_DIR_PATH}/Podfile.lock\" \"${PODS_ROOT}/Manifest.lock\" > /dev/null\nif [ $? != 0 ] ; then\n    # print error to STDERR\n    echo \"error: The sandbox is not in sync with the Podfile.lock. Run 'pod install' or update your CocoaPods installation.\" >&2\n    exit 1\nfi\n# This output is used by Xcode 'outputs' to avoid re-running this script phase.\necho \"SUCCESS\" > \"${SCRIPT_OUTPUT_FILE_0}\"\n";
			showEnvVarsInLog = 0;
		};
		F628F414F620964A8D62DD13 /* [CP] Embed Pods Frameworks */ = {
			isa = PBXShellScriptBuildPhase;
			buildActionMask = 2147483647;
			files = (
			);
			inputFileListPaths = (
				"${PODS_ROOT}/Target Support Files/Pods-ApiApp/Pods-ApiApp-frameworks-${CONFIGURATION}-input-files.xcfilelist",
			);
			name = "[CP] Embed Pods Frameworks";
			outputFileListPaths = (
				"${PODS_ROOT}/Target Support Files/Pods-ApiApp/Pods-ApiApp-frameworks-${CONFIGURATION}-output-files.xcfilelist",
			);
			runOnlyForDeploymentPostprocessing = 0;
			shellPath = /bin/sh;
			shellScript = "\"${PODS_ROOT}/Target Support Files/Pods-ApiApp/Pods-ApiApp-frameworks.sh\"\n";
			showEnvVarsInLog = 0;
		};
/* End PBXShellScriptBuildPhase section */

/* Begin PBXSourcesBuildPhase section */
		338795B32BD9F70C007EB7AC /* Sources */ = {
			isa = PBXSourcesBuildPhase;
			buildActionMask = 2147483647;
			files = (
				338795BF2BD9F70C007EB7AC /* ViewController.swift in Sources */,
				33F6C42D2BDB8D6F004006C5 /* ShopCell.swift in Sources */,
				338795BB2BD9F70C007EB7AC /* AppDelegate.swift in Sources */,
				33F6C42F2BDB97AA004006C5 /* ApiResponse.swift in Sources */,
				338795BD2BD9F70C007EB7AC /* SceneDelegate.swift in Sources */,
				338795CF2BD9FEB9007EB7AC /* ApiViewController.swift in Sources */,
				33F6C4292BDB4FCD004006C5 /* FavoriteViewController.swift in Sources */,
				33A99E4D2BE0C4F600DD6A0A /* FavoriteShop.swift in Sources */,
			);
			runOnlyForDeploymentPostprocessing = 0;
		};
/* End PBXSourcesBuildPhase section */

/* Begin PBXVariantGroup section */
		338795C02BD9F70C007EB7AC /* Main.storyboard */ = {
			isa = PBXVariantGroup;
			children = (
				338795C12BD9F70C007EB7AC /* Base */,
			);
			name = Main.storyboard;
			sourceTree = "<group>";
		};
		338795C52BD9F70E007EB7AC /* LaunchScreen.storyboard */ = {
			isa = PBXVariantGroup;
			children = (
				338795C62BD9F70E007EB7AC /* Base */,
			);
			name = LaunchScreen.storyboard;
			sourceTree = "<group>";
		};
/* End PBXVariantGroup section */

/* Begin XCBuildConfiguration section */
		338795C92BD9F70E007EB7AC /* Debug */ = {
			isa = XCBuildConfiguration;
			buildSettings = {
				ALWAYS_SEARCH_USER_PATHS = NO;
				ASSETCATALOG_COMPILER_GENERATE_SWIFT_ASSET_SYMBOL_EXTENSIONS = YES;
				CLANG_ANALYZER_NONNULL = YES;
				CLANG_ANALYZER_NUMBER_OBJECT_CONVERSION = YES_AGGRESSIVE;
				CLANG_CXX_LANGUAGE_STANDARD = "gnu++20";
				CLANG_ENABLE_MODULES = YES;
				CLANG_ENABLE_OBJC_ARC = YES;
				CLANG_ENABLE_OBJC_WEAK = YES;
				CLANG_WARN_BLOCK_CAPTURE_AUTORELEASING = YES;
				CLANG_WARN_BOOL_CONVERSION = YES;
				CLANG_WARN_COMMA = YES;
				CLANG_WARN_CONSTANT_CONVERSION = YES;
				CLANG_WARN_DEPRECATED_OBJC_IMPLEMENTATIONS = YES;
				CLANG_WARN_DIRECT_OBJC_ISA_USAGE = YES_ERROR;
				CLANG_WARN_DOCUMENTATION_COMMENTS = YES;
				CLANG_WARN_EMPTY_BODY = YES;
				CLANG_WARN_ENUM_CONVERSION = YES;
				CLANG_WARN_INFINITE_RECURSION = YES;
				CLANG_WARN_INT_CONVERSION = YES;
				CLANG_WARN_NON_LITERAL_NULL_CONVERSION = YES;
				CLANG_WARN_OBJC_IMPLICIT_RETAIN_SELF = YES;
				CLANG_WARN_OBJC_LITERAL_CONVERSION = YES;
				CLANG_WARN_OBJC_ROOT_CLASS = YES_ERROR;
				CLANG_WARN_QUOTED_INCLUDE_IN_FRAMEWORK_HEADER = YES;
				CLANG_WARN_RANGE_LOOP_ANALYSIS = YES;
				CLANG_WARN_STRICT_PROTOTYPES = YES;
				CLANG_WARN_SUSPICIOUS_MOVE = YES;
				CLANG_WARN_UNGUARDED_AVAILABILITY = YES_AGGRESSIVE;
				CLANG_WARN_UNREACHABLE_CODE = YES;
				CLANG_WARN__DUPLICATE_METHOD_MATCH = YES;
				COPY_PHASE_STRIP = NO;
				DEBUG_INFORMATION_FORMAT = dwarf;
				ENABLE_STRICT_OBJC_MSGSEND = YES;
				ENABLE_TESTABILITY = YES;
				ENABLE_USER_SCRIPT_SANDBOXING = NO;
				GCC_C_LANGUAGE_STANDARD = gnu17;
				GCC_DYNAMIC_NO_PIC = NO;
				GCC_NO_COMMON_BLOCKS = YES;
				GCC_OPTIMIZATION_LEVEL = 0;
				GCC_PREPROCESSOR_DEFINITIONS = (
					"DEBUG=1",
					"$(inherited)",
				);
				GCC_WARN_64_TO_32_BIT_CONVERSION = YES;
				GCC_WARN_ABOUT_RETURN_TYPE = YES_ERROR;
				GCC_WARN_UNDECLARED_SELECTOR = YES;
				GCC_WARN_UNINITIALIZED_AUTOS = YES_AGGRESSIVE;
				GCC_WARN_UNUSED_FUNCTION = YES;
				GCC_WARN_UNUSED_VARIABLE = YES;
				IPHONEOS_DEPLOYMENT_TARGET = 17.4;
				LOCALIZATION_PREFERS_STRING_CATALOGS = YES;
				MTL_ENABLE_DEBUG_INFO = INCLUDE_SOURCE;
				MTL_FAST_MATH = YES;
				ONLY_ACTIVE_ARCH = YES;
				SDKROOT = iphoneos;
				SWIFT_ACTIVE_COMPILATION_CONDITIONS = "DEBUG $(inherited)";
				SWIFT_OPTIMIZATION_LEVEL = "-Onone";
			};
			name = Debug;
		};
		338795CA2BD9F70E007EB7AC /* Release */ = {
			isa = XCBuildConfiguration;
			buildSettings = {
				ALWAYS_SEARCH_USER_PATHS = NO;
				ASSETCATALOG_COMPILER_GENERATE_SWIFT_ASSET_SYMBOL_EXTENSIONS = YES;
				CLANG_ANALYZER_NONNULL = YES;
				CLANG_ANALYZER_NUMBER_OBJECT_CONVERSION = YES_AGGRESSIVE;
				CLANG_CXX_LANGUAGE_STANDARD = "gnu++20";
				CLANG_ENABLE_MODULES = YES;
				CLANG_ENABLE_OBJC_ARC = YES;
				CLANG_ENABLE_OBJC_WEAK = YES;
				CLANG_WARN_BLOCK_CAPTURE_AUTORELEASING = YES;
				CLANG_WARN_BOOL_CONVERSION = YES;
				CLANG_WARN_COMMA = YES;
				CLANG_WARN_CONSTANT_CONVERSION = YES;
				CLANG_WARN_DEPRECATED_OBJC_IMPLEMENTATIONS = YES;
				CLANG_WARN_DIRECT_OBJC_ISA_USAGE = YES_ERROR;
				CLANG_WARN_DOCUMENTATION_COMMENTS = YES;
				CLANG_WARN_EMPTY_BODY = YES;
				CLANG_WARN_ENUM_CONVERSION = YES;
				CLANG_WARN_INFINITE_RECURSION = YES;
				CLANG_WARN_INT_CONVERSION = YES;
				CLANG_WARN_NON_LITERAL_NULL_CONVERSION = YES;
				CLANG_WARN_OBJC_IMPLICIT_RETAIN_SELF = YES;
				CLANG_WARN_OBJC_LITERAL_CONVERSION = YES;
				CLANG_WARN_OBJC_ROOT_CLASS = YES_ERROR;
				CLANG_WARN_QUOTED_INCLUDE_IN_FRAMEWORK_HEADER = YES;
				CLANG_WARN_RANGE_LOOP_ANALYSIS = YES;
				CLANG_WARN_STRICT_PROTOTYPES = YES;
				CLANG_WARN_SUSPICIOUS_MOVE = YES;
				CLANG_WARN_UNGUARDED_AVAILABILITY = YES_AGGRESSIVE;
				CLANG_WARN_UNREACHABLE_CODE = YES;
				CLANG_WARN__DUPLICATE_METHOD_MATCH = YES;
				COPY_PHASE_STRIP = NO;
				DEBUG_INFORMATION_FORMAT = "dwarf-with-dsym";
				ENABLE_NS_ASSERTIONS = NO;
				ENABLE_STRICT_OBJC_MSGSEND = YES;
				ENABLE_USER_SCRIPT_SANDBOXING = NO;
				GCC_C_LANGUAGE_STANDARD = gnu17;
				GCC_NO_COMMON_BLOCKS = YES;
				GCC_WARN_64_TO_32_BIT_CONVERSION = YES;
				GCC_WARN_ABOUT_RETURN_TYPE = YES_ERROR;
				GCC_WARN_UNDECLARED_SELECTOR = YES;
				GCC_WARN_UNINITIALIZED_AUTOS = YES_AGGRESSIVE;
				GCC_WARN_UNUSED_FUNCTION = YES;
				GCC_WARN_UNUSED_VARIABLE = YES;
				IPHONEOS_DEPLOYMENT_TARGET = 17.4;
				LOCALIZATION_PREFERS_STRING_CATALOGS = YES;
				MTL_ENABLE_DEBUG_INFO = NO;
				MTL_FAST_MATH = YES;
				SDKROOT = iphoneos;
				SWIFT_COMPILATION_MODE = wholemodule;
				VALIDATE_PRODUCT = YES;
			};
			name = Release;
		};
		338795CC2BD9F70E007EB7AC /* Debug */ = {
			isa = XCBuildConfiguration;
			baseConfigurationReference = 591975ABE20C63036CD6FC0A /* Pods-ApiApp.debug.xcconfig */;
			buildSettings = {
				ASSETCATALOG_COMPILER_APPICON_NAME = AppIcon;
				ASSETCATALOG_COMPILER_GLOBAL_ACCENT_COLOR_NAME = AccentColor;
				CODE_SIGN_STYLE = Automatic;
				CURRENT_PROJECT_VERSION = 1;
				DEVELOPMENT_TEAM = VG3Y2WDAQ8;
				GENERATE_INFOPLIST_FILE = YES;
				INFOPLIST_FILE = ApiApp/Info.plist;
				INFOPLIST_KEY_UIApplicationSupportsIndirectInputEvents = YES;
				INFOPLIST_KEY_UILaunchStoryboardName = LaunchScreen;
				INFOPLIST_KEY_UIMainStoryboardFile = Main;
				INFOPLIST_KEY_UISupportedInterfaceOrientations = UIInterfaceOrientationPortrait;
				INFOPLIST_KEY_UISupportedInterfaceOrientations_iPad = "UIInterfaceOrientationLandscapeLeft UIInterfaceOrientationLandscapeRight UIInterfaceOrientationPortrait UIInterfaceOrientationPortraitUpsideDown";
				IPHONEOS_DEPLOYMENT_TARGET = 17.2;
				LD_RUNPATH_SEARCH_PATHS = (
					"$(inherited)",
					"@executable_path/Frameworks",
				);
				MARKETING_VERSION = 1.0;
				PRODUCT_BUNDLE_IDENTIFIER = jp.techacademy.naoya.shimizu.ApiApp;
				PRODUCT_NAME = "$(TARGET_NAME)";
				SUPPORTED_PLATFORMS = "iphoneos iphonesimulator";
				SUPPORTS_MACCATALYST = NO;
				SUPPORTS_MAC_DESIGNED_FOR_IPHONE_IPAD = NO;
				SUPPORTS_XR_DESIGNED_FOR_IPHONE_IPAD = NO;
				SWIFT_EMIT_LOC_STRINGS = YES;
				SWIFT_VERSION = 5.0;
				TARGETED_DEVICE_FAMILY = 1;
			};
			name = Debug;
		};
		338795CD2BD9F70E007EB7AC /* Release */ = {
			isa = XCBuildConfiguration;
			baseConfigurationReference = BB9E83056E29FE1AF20E038D /* Pods-ApiApp.release.xcconfig */;
			buildSettings = {
				ASSETCATALOG_COMPILER_APPICON_NAME = AppIcon;
				ASSETCATALOG_COMPILER_GLOBAL_ACCENT_COLOR_NAME = AccentColor;
				CODE_SIGN_STYLE = Automatic;
				CURRENT_PROJECT_VERSION = 1;
				DEVELOPMENT_TEAM = VG3Y2WDAQ8;
				GENERATE_INFOPLIST_FILE = YES;
				INFOPLIST_FILE = ApiApp/Info.plist;
				INFOPLIST_KEY_UIApplicationSupportsIndirectInputEvents = YES;
				INFOPLIST_KEY_UILaunchStoryboardName = LaunchScreen;
				INFOPLIST_KEY_UIMainStoryboardFile = Main;
				INFOPLIST_KEY_UISupportedInterfaceOrientations = UIInterfaceOrientationPortrait;
				INFOPLIST_KEY_UISupportedInterfaceOrientations_iPad = "UIInterfaceOrientationLandscapeLeft UIInterfaceOrientationLandscapeRight UIInterfaceOrientationPortrait UIInterfaceOrientationPortraitUpsideDown";
				IPHONEOS_DEPLOYMENT_TARGET = 17.2;
				LD_RUNPATH_SEARCH_PATHS = (
					"$(inherited)",
					"@executable_path/Frameworks",
				);
				MARKETING_VERSION = 1.0;
				PRODUCT_BUNDLE_IDENTIFIER = jp.techacademy.naoya.shimizu.ApiApp;
				PRODUCT_NAME = "$(TARGET_NAME)";
				SUPPORTED_PLATFORMS = "iphoneos iphonesimulator";
				SUPPORTS_MACCATALYST = NO;
				SUPPORTS_MAC_DESIGNED_FOR_IPHONE_IPAD = NO;
				SUPPORTS_XR_DESIGNED_FOR_IPHONE_IPAD = NO;
				SWIFT_EMIT_LOC_STRINGS = YES;
				SWIFT_VERSION = 5.0;
				TARGETED_DEVICE_FAMILY = 1;
			};
			name = Release;
		};
/* End XCBuildConfiguration section */

/* Begin XCConfigurationList section */
		338795B22BD9F70C007EB7AC /* Build configuration list for PBXProject "ApiApp" */ = {
			isa = XCConfigurationList;
			buildConfigurations = (
				338795C92BD9F70E007EB7AC /* Debug */,
				338795CA2BD9F70E007EB7AC /* Release */,
			);
			defaultConfigurationIsVisible = 0;
			defaultConfigurationName = Release;
		};
		338795CB2BD9F70E007EB7AC /* Build configuration list for PBXNativeTarget "ApiApp" */ = {
			isa = XCConfigurationList;
			buildConfigurations = (
				338795CC2BD9F70E007EB7AC /* Debug */,
				338795CD2BD9F70E007EB7AC /* Release */,
			);
			defaultConfigurationIsVisible = 0;
			defaultConfigurationName = Release;
		};
/* End XCConfigurationList section */
	};
	rootObject = 338795AF2BD9F70C007EB7AC /* Project object */;
}
